
Microsoft Visual Studio Solution File, Format Version 12.00
# Visual Studio 14
VisualStudioVersion = 14.0.25420.1
MinimumVisualStudioVersion = 10.0.40219.1
Project("{FAE04EC0-301F-11D3-BF4B-00C04F79EFBC}") = "vMixController", "vMixController\vMixController.csproj", "{84AB3528-B120-4E4F-AB37-223475747FA8}"
	ProjectSection(ProjectDependencies) = postProject
		{A6259D55-E7DA-481E-81C3-4A370C8DFDC8} = {A6259D55-E7DA-481E-81C3-4A370C8DFDC8}
	EndProjectSection
EndProject
Project("{FAE04EC0-301F-11D3-BF4B-00C04F79EFBC}") = "vMixAPI", "vMixAPI\vMixAPI.csproj", "{41B25F7D-B035-401B-A50A-C5BB3983C2AC}"
EndProject
Project("{FAE04EC0-301F-11D3-BF4B-00C04F79EFBC}") = "vMixControllerDataProvider", "vMixControllerDataProvider\vMixControllerDataProvider.csproj", "{21C1A5EC-9FD2-44F5-BDAC-98F0787102C3}"
EndProject
Project("{FAE04EC0-301F-11D3-BF4B-00C04F79EFBC}") = "vMixWeatherExternalDataProvider", "vMixWeatherExternalDataProvider\vMixWeatherExternalDataProvider.csproj", "{A6259D55-E7DA-481E-81C3-4A370C8DFDC8}"
EndProject
Project("{FAE04EC0-301F-11D3-BF4B-00C04F79EFBC}") = "vMixControllerSkin", "vMixControllerSkin\vMixControllerSkin.csproj", "{90BFEEE2-82E3-47D2-9B56-47DDB4C611F2}"
EndProject
Project("{FAE04EC0-301F-11D3-BF4B-00C04F79EFBC}") = "vMixGenericXmlDataProvider", "vMixGenericXmlDataProvider\vMixGenericXmlDataProvider.csproj", "{59D90D89-D046-495D-9131-6CB78DF4B4C3}"
EndProject
Project("{FAE04EC0-301F-11D3-BF4B-00C04F79EFBC}") = "vMixUTCNDIMonitorDataProvider", "vMixUTCNDIMonitorDataProvider\vMixUTCNDIMonitorDataProvider.csproj", "{E08E6704-10BF-4CF2-89EC-7AEB063C9219}"
EndProject
Project("{FAE04EC0-301F-11D3-BF4B-00C04F79EFBC}") = "NDILibDotNet2", "NDILibDotNet2\NDILibDotNet2.csproj", "{7195BFA6-8095-4618-96F6-8577DB13FB43}"
EndProject
Global
	GlobalSection(SolutionConfigurationPlatforms) = preSolution
		Debug|Any CPU = Debug|Any CPU
		Debug|x64 = Debug|x64
		Debug|x86 = Debug|x86
		Release|Any CPU = Release|Any CPU
		Release|x64 = Release|x64
		Release|x86 = Release|x86
	EndGlobalSection
	GlobalSection(ProjectConfigurationPlatforms) = postSolution
		{84AB3528-B120-4E4F-AB37-223475747FA8}.Debug|Any CPU.ActiveCfg = Debug|Any CPU
		{84AB3528-B120-4E4F-AB37-223475747FA8}.Debug|Any CPU.Build.0 = Debug|Any CPU
		{84AB3528-B120-4E4F-AB37-223475747FA8}.Debug|x64.ActiveCfg = Debug|Any CPU
		{84AB3528-B120-4E4F-AB37-223475747FA8}.Debug|x64.Build.0 = Debug|Any CPU
		{84AB3528-B120-4E4F-AB37-223475747FA8}.Debug|x86.ActiveCfg = Debug|Any CPU
		{84AB3528-B120-4E4F-AB37-223475747FA8}.Debug|x86.Build.0 = Debug|Any CPU
		{84AB3528-B120-4E4F-AB37-223475747FA8}.Release|Any CPU.ActiveCfg = Release|Any CPU
		{84AB3528-B120-4E4F-AB37-223475747FA8}.Release|Any CPU.Build.0 = Release|Any CPU
		{84AB3528-B120-4E4F-AB37-223475747FA8}.Release|x64.ActiveCfg = Release|Any CPU
		{84AB3528-B120-4E4F-AB37-223475747FA8}.Release|x64.Build.0 = Release|Any CPU
		{84AB3528-B120-4E4F-AB37-223475747FA8}.Release|x86.ActiveCfg = Release|Any CPU
		{84AB3528-B120-4E4F-AB37-223475747FA8}.Release|x86.Build.0 = Release|Any CPU
		{41B25F7D-B035-401B-A50A-C5BB3983C2AC}.Debug|Any CPU.ActiveCfg = Debug|Any CPU
		{41B25F7D-B035-401B-A50A-C5BB3983C2AC}.Debug|Any CPU.Build.0 = Debug|Any CPU
		{41B25F7D-B035-401B-A50A-C5BB3983C2AC}.Debug|x64.ActiveCfg = Debug|Any CPU
		{41B25F7D-B035-401B-A50A-C5BB3983C2AC}.Debug|x64.Build.0 = Debug|Any CPU
		{41B25F7D-B035-401B-A50A-C5BB3983C2AC}.Debug|x86.ActiveCfg = Debug|Any CPU
		{41B25F7D-B035-401B-A50A-C5BB3983C2AC}.Debug|x86.Build.0 = Debug|Any CPU
		{41B25F7D-B035-401B-A50A-C5BB3983C2AC}.Release|Any CPU.ActiveCfg = Release|Any CPU
		{41B25F7D-B035-401B-A50A-C5BB3983C2AC}.Release|Any CPU.Build.0 = Release|Any CPU
		{41B25F7D-B035-401B-A50A-C5BB3983C2AC}.Release|x64.ActiveCfg = Release|Any CPU
		{41B25F7D-B035-401B-A50A-C5BB3983C2AC}.Release|x64.Build.0 = Release|Any CPU
		{41B25F7D-B035-401B-A50A-C5BB3983C2AC}.Release|x86.ActiveCfg = Release|Any CPU
		{41B25F7D-B035-401B-A50A-C5BB3983C2AC}.Release|x86.Build.0 = Release|Any CPU
		{21C1A5EC-9FD2-44F5-BDAC-98F0787102C3}.Debug|Any CPU.ActiveCfg = Debug|Any CPU
		{21C1A5EC-9FD2-44F5-BDAC-98F0787102C3}.Debug|Any CPU.Build.0 = Debug|Any CPU
		{21C1A5EC-9FD2-44F5-BDAC-98F0787102C3}.Debug|x64.ActiveCfg = Debug|Any CPU
		{21C1A5EC-9FD2-44F5-BDAC-98F0787102C3}.Debug|x64.Build.0 = Debug|Any CPU
		{21C1A5EC-9FD2-44F5-BDAC-98F0787102C3}.Debug|x86.ActiveCfg = Debug|Any CPU
		{21C1A5EC-9FD2-44F5-BDAC-98F0787102C3}.Debug|x86.Build.0 = Debug|Any CPU
		{21C1A5EC-9FD2-44F5-BDAC-98F0787102C3}.Release|Any CPU.ActiveCfg = Release|Any CPU
		{21C1A5EC-9FD2-44F5-BDAC-98F0787102C3}.Release|Any CPU.Build.0 = Release|Any CPU
		{21C1A5EC-9FD2-44F5-BDAC-98F0787102C3}.Release|x64.ActiveCfg = Release|Any CPU
		{21C1A5EC-9FD2-44F5-BDAC-98F0787102C3}.Release|x64.Build.0 = Release|Any CPU
		{21C1A5EC-9FD2-44F5-BDAC-98F0787102C3}.Release|x86.ActiveCfg = Release|Any CPU
		{21C1A5EC-9FD2-44F5-BDAC-98F0787102C3}.Release|x86.Build.0 = Release|Any CPU
		{A6259D55-E7DA-481E-81C3-4A370C8DFDC8}.Debug|Any CPU.ActiveCfg = Debug|Any CPU
		{A6259D55-E7DA-481E-81C3-4A370C8DFDC8}.Debug|Any CPU.Build.0 = Debug|Any CPU
		{A6259D55-E7DA-481E-81C3-4A370C8DFDC8}.Debug|x64.ActiveCfg = Debug|Any CPU
		{A6259D55-E7DA-481E-81C3-4A370C8DFDC8}.Debug|x64.Build.0 = Debug|Any CPU
		{A6259D55-E7DA-481E-81C3-4A370C8DFDC8}.Debug|x86.ActiveCfg = Debug|Any CPU
		{A6259D55-E7DA-481E-81C3-4A370C8DFDC8}.Debug|x86.Build.0 = Debug|Any CPU
		{A6259D55-E7DA-481E-81C3-4A370C8DFDC8}.Release|Any CPU.ActiveCfg = Release|Any CPU
		{A6259D55-E7DA-481E-81C3-4A370C8DFDC8}.Release|Any CPU.Build.0 = Release|Any CPU
		{A6259D55-E7DA-481E-81C3-4A370C8DFDC8}.Release|x64.ActiveCfg = Release|Any CPU
		{A6259D55-E7DA-481E-81C3-4A370C8DFDC8}.Release|x64.Build.0 = Release|Any CPU
		{A6259D55-E7DA-481E-81C3-4A370C8DFDC8}.Release|x86.ActiveCfg = Release|Any CPU
		{A6259D55-E7DA-481E-81C3-4A370C8DFDC8}.Release|x86.Build.0 = Release|Any CPU
		{90BFEEE2-82E3-47D2-9B56-47DDB4C611F2}.Debug|Any CPU.ActiveCfg = Debug|Any CPU
		{90BFEEE2-82E3-47D2-9B56-47DDB4C611F2}.Debug|Any CPU.Build.0 = Debug|Any CPU
		{90BFEEE2-82E3-47D2-9B56-47DDB4C611F2}.Debug|x64.ActiveCfg = Debug|Any CPU
		{90BFEEE2-82E3-47D2-9B56-47DDB4C611F2}.Debug|x64.Build.0 = Debug|Any CPU
		{90BFEEE2-82E3-47D2-9B56-47DDB4C611F2}.Debug|x86.ActiveCfg = Debug|Any CPU
		{90BFEEE2-82E3-47D2-9B56-47DDB4C611F2}.Debug|x86.Build.0 = Debug|Any CPU
		{90BFEEE2-82E3-47D2-9B56-47DDB4C611F2}.Release|Any CPU.ActiveCfg = Release|Any CPU
		{90BFEEE2-82E3-47D2-9B56-47DDB4C611F2}.Release|Any CPU.Build.0 = Release|Any CPU
		{90BFEEE2-82E3-47D2-9B56-47DDB4C611F2}.Release|x64.ActiveCfg = Release|Any CPU
		{90BFEEE2-82E3-47D2-9B56-47DDB4C611F2}.Release|x64.Build.0 = Release|Any CPU
		{90BFEEE2-82E3-47D2-9B56-47DDB4C611F2}.Release|x86.ActiveCfg = Release|Any CPU
		{90BFEEE2-82E3-47D2-9B56-47DDB4C611F2}.Release|x86.Build.0 = Release|Any CPU
		{59D90D89-D046-495D-9131-6CB78DF4B4C3}.Debug|Any CPU.ActiveCfg = Debug|Any CPU
		{59D90D89-D046-495D-9131-6CB78DF4B4C3}.Debug|Any CPU.Build.0 = Debug|Any CPU
		{59D90D89-D046-495D-9131-6CB78DF4B4C3}.Debug|x64.ActiveCfg = Debug|Any CPU
		{59D90D89-D046-495D-9131-6CB78DF4B4C3}.Debug|x64.Build.0 = Debug|Any CPU
		{59D90D89-D046-495D-9131-6CB78DF4B4C3}.Debug|x86.ActiveCfg = Debug|Any CPU
		{59D90D89-D046-495D-9131-6CB78DF4B4C3}.Debug|x86.Build.0 = Debug|Any CPU
		{59D90D89-D046-495D-9131-6CB78DF4B4C3}.Release|Any CPU.ActiveCfg = Release|Any CPU
		{59D90D89-D046-495D-9131-6CB78DF4B4C3}.Release|Any CPU.Build.0 = Release|Any CPU
		{59D90D89-D046-495D-9131-6CB78DF4B4C3}.Release|x64.ActiveCfg = Release|Any CPU
		{59D90D89-D046-495D-9131-6CB78DF4B4C3}.Release|x64.Build.0 = Release|Any CPU
		{59D90D89-D046-495D-9131-6CB78DF4B4C3}.Release|x86.ActiveCfg = Release|Any CPU
		{59D90D89-D046-495D-9131-6CB78DF4B4C3}.Release|x86.Build.0 = Release|Any CPU
		{E08E6704-10BF-4CF2-89EC-7AEB063C9219}.Debug|Any CPU.ActiveCfg = Debug|Any CPU
		{E08E6704-10BF-4CF2-89EC-7AEB063C9219}.Debug|Any CPU.Build.0 = Debug|Any CPU
		{E08E6704-10BF-4CF2-89EC-7AEB063C9219}.Debug|x64.ActiveCfg = Debug|Any CPU
		{E08E6704-10BF-4CF2-89EC-7AEB063C9219}.Debug|x64.Build.0 = Debug|Any CPU
		{E08E6704-10BF-4CF2-89EC-7AEB063C9219}.Debug|x86.ActiveCfg = Debug|Any CPU
		{E08E6704-10BF-4CF2-89EC-7AEB063C9219}.Debug|x86.Build.0 = Debug|Any CPU
		{E08E6704-10BF-4CF2-89EC-7AEB063C9219}.Release|Any CPU.ActiveCfg = Release|Any CPU
		{E08E6704-10BF-4CF2-89EC-7AEB063C9219}.Release|Any CPU.Build.0 = Release|Any CPU
		{E08E6704-10BF-4CF2-89EC-7AEB063C9219}.Release|x64.ActiveCfg = Release|Any CPU
		{E08E6704-10BF-4CF2-89EC-7AEB063C9219}.Release|x64.Build.0 = Release|Any CPU
		{E08E6704-10BF-4CF2-89EC-7AEB063C9219}.Release|x86.ActiveCfg = Release|Any CPU
		{E08E6704-10BF-4CF2-89EC-7AEB063C9219}.Release|x86.Build.0 = Release|Any CPU
		{7195BFA6-8095-4618-96F6-8577DB13FB43}.Debug|Any CPU.ActiveCfg = Debug|Any CPU
		{7195BFA6-8095-4618-96F6-8577DB13FB43}.Debug|Any CPU.Build.0 = Debug|Any CPU
		{7195BFA6-8095-4618-96F6-8577DB13FB43}.Debug|x64.ActiveCfg = Debug|x64
		{7195BFA6-8095-4618-96F6-8577DB13FB43}.Debug|x64.Build.0 = Debug|x64
		{7195BFA6-8095-4618-96F6-8577DB13FB43}.Debug|x86.ActiveCfg = Debug|x86
		{7195BFA6-8095-4618-96F6-8577DB13FB43}.Debug|x86.Build.0 = Debug|x86
		{7195BFA6-8095-4618-96F6-8577DB13FB43}.Release|Any CPU.ActiveCfg = Release|Any CPU
		{7195BFA6-8095-4618-96F6-8577DB13FB43}.Release|Any CPU.Build.0 = Release|Any CPU
		{7195BFA6-8095-4618-96F6-8577DB13FB43}.Release|x64.ActiveCfg = Release|x64
		{7195BFA6-8095-4618-96F6-8577DB13FB43}.Release|x64.Build.0 = Release|x64
		{7195BFA6-8095-4618-96F6-8577DB13FB43}.Release|x86.ActiveCfg = Release|x86
		{7195BFA6-8095-4618-96F6-8577DB13FB43}.Release|x86.Build.0 = Release|x86
	EndGlobalSection
	GlobalSection(SolutionProperties) = preSolution
		HideSolutionNode = FALSE
	EndGlobalSection
EndGlobal
