
Microsoft Visual Studio Solution File, Format Version 12.00
# Visual Studio Version 16
VisualStudioVersion = 16.0.29009.5
MinimumVisualStudioVersion = 10.0.40219.1
Project("{FAE04EC0-301F-11D3-BF4B-00C04F79EFBC}") = "vMixController", "vMixController\vMixController.csproj", "{84AB3528-B120-4E4F-AB37-223475747FA8}"
	ProjectSection(ProjectDependencies) = postProject
		{E08E6704-10BF-4CF2-89EC-7AEB063C9219} = {E08E6704-10BF-4CF2-89EC-7AEB063C9219}
		{09761118-8D8D-462C-A841-6D6B84986EB1} = {09761118-8D8D-462C-A841-6D6B84986EB1}
		{A6259D55-E7DA-481E-81C3-4A370C8DFDC8} = {A6259D55-E7DA-481E-81C3-4A370C8DFDC8}
		{5688C574-EE3C-46FA-A07A-929911663DBA} = {5688C574-EE3C-46FA-A07A-929911663DBA}
		{59D90D89-D046-495D-9131-6CB78DF4B4C3} = {59D90D89-D046-495D-9131-6CB78DF4B4C3}
	EndProjectSection
EndProject
Project("{FAE04EC0-301F-11D3-BF4B-00C04F79EFBC}") = "vMixAPI", "vMixAPI\vMixAPI.csproj", "{41B25F7D-B035-401B-A50A-C5BB3983C2AC}"
EndProject
Project("{FAE04EC0-301F-11D3-BF4B-00C04F79EFBC}") = "vMixControllerDataProvider", "vMixControllerDataProvider\vMixControllerDataProvider.csproj", "{21C1A5EC-9FD2-44F5-BDAC-98F0787102C3}"
EndProject
Project("{FAE04EC0-301F-11D3-BF4B-00C04F79EFBC}") = "WeatherExternalDataProvider", "vMixWeatherExternalDataProvider\WeatherExternalDataProvider.csproj", "{A6259D55-E7DA-481E-81C3-4A370C8DFDC8}"
EndProject
Project("{FAE04EC0-301F-11D3-BF4B-00C04F79EFBC}") = "vMixControllerSkin", "vMixControllerSkin\vMixControllerSkin.csproj", "{90BFEEE2-82E3-47D2-9B56-47DDB4C611F2}"
EndProject
Project("{FAE04EC0-301F-11D3-BF4B-00C04F79EFBC}") = "XmlDataProvider", "vMixGenericXmlDataProvider\XmlDataProvider.csproj", "{59D90D89-D046-495D-9131-6CB78DF4B4C3}"
EndProject
Project("{FAE04EC0-301F-11D3-BF4B-00C04F79EFBC}") = "NdiMonitorDataProvider", "vMixUTCNDIMonitorDataProvider\NdiMonitorDataProvider.csproj", "{E08E6704-10BF-4CF2-89EC-7AEB063C9219}"
EndProject
Project("{FAE04EC0-301F-11D3-BF4B-00C04F79EFBC}") = "NDILibDotNet2", "NDILibDotNet2\NDILibDotNet2.csproj", "{7195BFA6-8095-4618-96F6-8577DB13FB43}"
EndProject
Project("{FAE04EC0-301F-11D3-BF4B-00C04F79EFBC}") = "ExcelDataProvider", "UTCXLSXDataProvider\ExcelDataProvider.csproj", "{5688C574-EE3C-46FA-A07A-929911663DBA}"
EndProject
Project("{2150E333-8FDC-42A3-9474-1A3956D46DE8}") = "Data Providers", "Data Providers", "{3F500D83-895F-4D44-9CA7-251D4B17B6FE}"
EndProject
Project("{FAE04EC0-301F-11D3-BF4B-00C04F79EFBC}") = "JsonDataProvider", "JsonDataProvider\JsonDataProvider.csproj", "{09761118-8D8D-462C-A841-6D6B84986EB1}"
EndProject
Project("{9A19103F-16F7-4668-BE54-9A1E7A4F7556}") = "NCalc", "ncalc\Evaluant.Calculator\NCalc.csproj", "{E70A0B09-F339-44F6-9551-A38565748904}"
EndProject
Project("{FAE04EC0-301F-11D3-BF4B-00C04F79EFBC}") = "HighPrecisionTimer", "HighPrecisionTimer\HighPrecisionTimer.csproj", "{F67353D6-1E54-4B18-9BF2-53DD27867983}"
EndProject
Project("{2150E333-8FDC-42A3-9474-1A3956D46DE8}") = "Lib", "Lib", "{E322E6DA-3818-4CBD-A2F6-A94D6C8393BE}"
EndProject
Project("{FAE04EC0-301F-11D3-BF4B-00C04F79EFBC}") = "GoogleSheetsProvider", "UTCGoogleSheetsDataProvider\GoogleSheetsProvider.csproj", "{E05F35A3-085F-4FA2-B602-CBE0BE5F84C2}"
EndProject
Global
	GlobalSection(SolutionConfigurationPlatforms) = preSolution
		Debug|Any CPU = Debug|Any CPU
		Debug|x64 = Debug|x64
		Debug|x86 = Debug|x86
		Release|Any CPU = Release|Any CPU
		Release|x64 = Release|x64
		Release|x86 = Release|x86
	EndGlobalSection
	GlobalSection(ProjectConfigurationPlatforms) = postSolution
		{84AB3528-B120-4E4F-AB37-223475747FA8}.Debug|Any CPU.ActiveCfg = Debug|Any CPU
		{84AB3528-B120-4E4F-AB37-223475747FA8}.Debug|Any CPU.Build.0 = Debug|Any CPU
		{84AB3528-B120-4E4F-AB37-223475747FA8}.Debug|x64.ActiveCfg = Debug|Any CPU
		{84AB3528-B120-4E4F-AB37-223475747FA8}.Debug|x64.Build.0 = Debug|Any CPU
		{84AB3528-B120-4E4F-AB37-223475747FA8}.Debug|x86.ActiveCfg = Debug|Any CPU
		{84AB3528-B120-4E4F-AB37-223475747FA8}.Debug|x86.Build.0 = Debug|Any CPU
		{84AB3528-B120-4E4F-AB37-223475747FA8}.Release|Any CPU.ActiveCfg = Release|Any CPU
		{84AB3528-B120-4E4F-AB37-223475747FA8}.Release|Any CPU.Build.0 = Release|Any CPU
		{84AB3528-B120-4E4F-AB37-223475747FA8}.Release|x64.ActiveCfg = Release|Any CPU
		{84AB3528-B120-4E4F-AB37-223475747FA8}.Release|x64.Build.0 = Release|Any CPU
		{84AB3528-B120-4E4F-AB37-223475747FA8}.Release|x86.ActiveCfg = Release|Any CPU
		{84AB3528-B120-4E4F-AB37-223475747FA8}.Release|x86.Build.0 = Release|Any CPU
		{41B25F7D-B035-401B-A50A-C5BB3983C2AC}.Debug|Any CPU.ActiveCfg = Debug|Any CPU
		{41B25F7D-B035-401B-A50A-C5BB3983C2AC}.Debug|Any CPU.Build.0 = Debug|Any CPU
		{41B25F7D-B035-401B-A50A-C5BB3983C2AC}.Debug|x64.ActiveCfg = Debug|Any CPU
		{41B25F7D-B035-401B-A50A-C5BB3983C2AC}.Debug|x64.Build.0 = Debug|Any CPU
		{41B25F7D-B035-401B-A50A-C5BB3983C2AC}.Debug|x86.ActiveCfg = Debug|Any CPU
		{41B25F7D-B035-401B-A50A-C5BB3983C2AC}.Debug|x86.Build.0 = Debug|Any CPU
		{41B25F7D-B035-401B-A50A-C5BB3983C2AC}.Release|Any CPU.ActiveCfg = Release|Any CPU
		{41B25F7D-B035-401B-A50A-C5BB3983C2AC}.Release|Any CPU.Build.0 = Release|Any CPU
		{41B25F7D-B035-401B-A50A-C5BB3983C2AC}.Release|x64.ActiveCfg = Release|Any CPU
		{41B25F7D-B035-401B-A50A-C5BB3983C2AC}.Release|x64.Build.0 = Release|Any CPU
		{41B25F7D-B035-401B-A50A-C5BB3983C2AC}.Release|x86.ActiveCfg = Release|Any CPU
		{41B25F7D-B035-401B-A50A-C5BB3983C2AC}.Release|x86.Build.0 = Release|Any CPU
		{21C1A5EC-9FD2-44F5-BDAC-98F0787102C3}.Debug|Any CPU.ActiveCfg = Debug|Any CPU
		{21C1A5EC-9FD2-44F5-BDAC-98F0787102C3}.Debug|Any CPU.Build.0 = Debug|Any CPU
		{21C1A5EC-9FD2-44F5-BDAC-98F0787102C3}.Debug|x64.ActiveCfg = Debug|Any CPU
		{21C1A5EC-9FD2-44F5-BDAC-98F0787102C3}.Debug|x64.Build.0 = Debug|Any CPU
		{21C1A5EC-9FD2-44F5-BDAC-98F0787102C3}.Debug|x86.ActiveCfg = Debug|Any CPU
		{21C1A5EC-9FD2-44F5-BDAC-98F0787102C3}.Debug|x86.Build.0 = Debug|Any CPU
		{21C1A5EC-9FD2-44F5-BDAC-98F0787102C3}.Release|Any CPU.ActiveCfg = Release|Any CPU
		{21C1A5EC-9FD2-44F5-BDAC-98F0787102C3}.Release|Any CPU.Build.0 = Release|Any CPU
		{21C1A5EC-9FD2-44F5-BDAC-98F0787102C3}.Release|x64.ActiveCfg = Release|Any CPU
		{21C1A5EC-9FD2-44F5-BDAC-98F0787102C3}.Release|x64.Build.0 = Release|Any CPU
		{21C1A5EC-9FD2-44F5-BDAC-98F0787102C3}.Release|x86.ActiveCfg = Release|Any CPU
		{21C1A5EC-9FD2-44F5-BDAC-98F0787102C3}.Release|x86.Build.0 = Release|Any CPU
		{A6259D55-E7DA-481E-81C3-4A370C8DFDC8}.Debug|Any CPU.ActiveCfg = Debug|Any CPU
		{A6259D55-E7DA-481E-81C3-4A370C8DFDC8}.Debug|Any CPU.Build.0 = Debug|Any CPU
		{A6259D55-E7DA-481E-81C3-4A370C8DFDC8}.Debug|x64.ActiveCfg = Debug|Any CPU
		{A6259D55-E7DA-481E-81C3-4A370C8DFDC8}.Debug|x64.Build.0 = Debug|Any CPU
		{A6259D55-E7DA-481E-81C3-4A370C8DFDC8}.Debug|x86.ActiveCfg = Debug|Any CPU
		{A6259D55-E7DA-481E-81C3-4A370C8DFDC8}.Debug|x86.Build.0 = Debug|Any CPU
		{A6259D55-E7DA-481E-81C3-4A370C8DFDC8}.Release|Any CPU.ActiveCfg = Release|Any CPU
		{A6259D55-E7DA-481E-81C3-4A370C8DFDC8}.Release|Any CPU.Build.0 = Release|Any CPU
		{A6259D55-E7DA-481E-81C3-4A370C8DFDC8}.Release|x64.ActiveCfg = Release|Any CPU
		{A6259D55-E7DA-481E-81C3-4A370C8DFDC8}.Release|x64.Build.0 = Release|Any CPU
		{A6259D55-E7DA-481E-81C3-4A370C8DFDC8}.Release|x86.ActiveCfg = Release|Any CPU
		{A6259D55-E7DA-481E-81C3-4A370C8DFDC8}.Release|x86.Build.0 = Release|Any CPU
		{90BFEEE2-82E3-47D2-9B56-47DDB4C611F2}.Debug|Any CPU.ActiveCfg = Debug|Any CPU
		{90BFEEE2-82E3-47D2-9B56-47DDB4C611F2}.Debug|Any CPU.Build.0 = Debug|Any CPU
		{90BFEEE2-82E3-47D2-9B56-47DDB4C611F2}.Debug|x64.ActiveCfg = Debug|Any CPU
		{90BFEEE2-82E3-47D2-9B56-47DDB4C611F2}.Debug|x64.Build.0 = Debug|Any CPU
		{90BFEEE2-82E3-47D2-9B56-47DDB4C611F2}.Debug|x86.ActiveCfg = Debug|Any CPU
		{90BFEEE2-82E3-47D2-9B56-47DDB4C611F2}.Debug|x86.Build.0 = Debug|Any CPU
		{90BFEEE2-82E3-47D2-9B56-47DDB4C611F2}.Release|Any CPU.ActiveCfg = Release|Any CPU
		{90BFEEE2-82E3-47D2-9B56-47DDB4C611F2}.Release|Any CPU.Build.0 = Release|Any CPU
		{90BFEEE2-82E3-47D2-9B56-47DDB4C611F2}.Release|x64.ActiveCfg = Release|Any CPU
		{90BFEEE2-82E3-47D2-9B56-47DDB4C611F2}.Release|x64.Build.0 = Release|Any CPU
		{90BFEEE2-82E3-47D2-9B56-47DDB4C611F2}.Release|x86.ActiveCfg = Release|Any CPU
		{90BFEEE2-82E3-47D2-9B56-47DDB4C611F2}.Release|x86.Build.0 = Release|Any CPU
		{59D90D89-D046-495D-9131-6CB78DF4B4C3}.Debug|Any CPU.ActiveCfg = Debug|Any CPU
		{59D90D89-D046-495D-9131-6CB78DF4B4C3}.Debug|Any CPU.Build.0 = Debug|Any CPU
		{59D90D89-D046-495D-9131-6CB78DF4B4C3}.Debug|x64.ActiveCfg = Debug|Any CPU
		{59D90D89-D046-495D-9131-6CB78DF4B4C3}.Debug|x64.Build.0 = Debug|Any CPU
		{59D90D89-D046-495D-9131-6CB78DF4B4C3}.Debug|x86.ActiveCfg = Debug|Any CPU
		{59D90D89-D046-495D-9131-6CB78DF4B4C3}.Debug|x86.Build.0 = Debug|Any CPU
		{59D90D89-D046-495D-9131-6CB78DF4B4C3}.Release|Any CPU.ActiveCfg = Release|Any CPU
		{59D90D89-D046-495D-9131-6CB78DF4B4C3}.Release|Any CPU.Build.0 = Release|Any CPU
		{59D90D89-D046-495D-9131-6CB78DF4B4C3}.Release|x64.ActiveCfg = Release|Any CPU
		{59D90D89-D046-495D-9131-6CB78DF4B4C3}.Release|x64.Build.0 = Release|Any CPU
		{59D90D89-D046-495D-9131-6CB78DF4B4C3}.Release|x86.ActiveCfg = Release|Any CPU
		{59D90D89-D046-495D-9131-6CB78DF4B4C3}.Release|x86.Build.0 = Release|Any CPU
		{E08E6704-10BF-4CF2-89EC-7AEB063C9219}.Debug|Any CPU.ActiveCfg = Debug|Any CPU
		{E08E6704-10BF-4CF2-89EC-7AEB063C9219}.Debug|Any CPU.Build.0 = Debug|Any CPU
		{E08E6704-10BF-4CF2-89EC-7AEB063C9219}.Debug|x64.ActiveCfg = Debug|Any CPU
		{E08E6704-10BF-4CF2-89EC-7AEB063C9219}.Debug|x64.Build.0 = Debug|Any CPU
		{E08E6704-10BF-4CF2-89EC-7AEB063C9219}.Debug|x86.ActiveCfg = Debug|Any CPU
		{E08E6704-10BF-4CF2-89EC-7AEB063C9219}.Debug|x86.Build.0 = Debug|Any CPU
		{E08E6704-10BF-4CF2-89EC-7AEB063C9219}.Release|Any CPU.ActiveCfg = Release|Any CPU
		{E08E6704-10BF-4CF2-89EC-7AEB063C9219}.Release|Any CPU.Build.0 = Release|Any CPU
		{E08E6704-10BF-4CF2-89EC-7AEB063C9219}.Release|x64.ActiveCfg = Release|Any CPU
		{E08E6704-10BF-4CF2-89EC-7AEB063C9219}.Release|x64.Build.0 = Release|Any CPU
		{E08E6704-10BF-4CF2-89EC-7AEB063C9219}.Release|x86.ActiveCfg = Release|Any CPU
		{E08E6704-10BF-4CF2-89EC-7AEB063C9219}.Release|x86.Build.0 = Release|Any CPU
		{7195BFA6-8095-4618-96F6-8577DB13FB43}.Debug|Any CPU.ActiveCfg = Debug|Any CPU
		{7195BFA6-8095-4618-96F6-8577DB13FB43}.Debug|Any CPU.Build.0 = Debug|Any CPU
		{7195BFA6-8095-4618-96F6-8577DB13FB43}.Debug|x64.ActiveCfg = Debug|x64
		{7195BFA6-8095-4618-96F6-8577DB13FB43}.Debug|x64.Build.0 = Debug|x64
		{7195BFA6-8095-4618-96F6-8577DB13FB43}.Debug|x86.ActiveCfg = Debug|x86
		{7195BFA6-8095-4618-96F6-8577DB13FB43}.Debug|x86.Build.0 = Debug|x86
		{7195BFA6-8095-4618-96F6-8577DB13FB43}.Release|Any CPU.ActiveCfg = Release|Any CPU
		{7195BFA6-8095-4618-96F6-8577DB13FB43}.Release|Any CPU.Build.0 = Release|Any CPU
		{7195BFA6-8095-4618-96F6-8577DB13FB43}.Release|x64.ActiveCfg = Release|x64
		{7195BFA6-8095-4618-96F6-8577DB13FB43}.Release|x64.Build.0 = Release|x64
		{7195BFA6-8095-4618-96F6-8577DB13FB43}.Release|x86.ActiveCfg = Release|x86
		{7195BFA6-8095-4618-96F6-8577DB13FB43}.Release|x86.Build.0 = Release|x86
		{5688C574-EE3C-46FA-A07A-929911663DBA}.Debug|Any CPU.ActiveCfg = Debug|Any CPU
		{5688C574-EE3C-46FA-A07A-929911663DBA}.Debug|Any CPU.Build.0 = Debug|Any CPU
		{5688C574-EE3C-46FA-A07A-929911663DBA}.Debug|x64.ActiveCfg = Debug|Any CPU
		{5688C574-EE3C-46FA-A07A-929911663DBA}.Debug|x64.Build.0 = Debug|Any CPU
		{5688C574-EE3C-46FA-A07A-929911663DBA}.Debug|x86.ActiveCfg = Debug|Any CPU
		{5688C574-EE3C-46FA-A07A-929911663DBA}.Debug|x86.Build.0 = Debug|Any CPU
		{5688C574-EE3C-46FA-A07A-929911663DBA}.Release|Any CPU.ActiveCfg = Release|Any CPU
		{5688C574-EE3C-46FA-A07A-929911663DBA}.Release|Any CPU.Build.0 = Release|Any CPU
		{5688C574-EE3C-46FA-A07A-929911663DBA}.Release|x64.ActiveCfg = Release|Any CPU
		{5688C574-EE3C-46FA-A07A-929911663DBA}.Release|x64.Build.0 = Release|Any CPU
		{5688C574-EE3C-46FA-A07A-929911663DBA}.Release|x86.ActiveCfg = Release|Any CPU
		{5688C574-EE3C-46FA-A07A-929911663DBA}.Release|x86.Build.0 = Release|Any CPU
		{09761118-8D8D-462C-A841-6D6B84986EB1}.Debug|Any CPU.ActiveCfg = Debug|Any CPU
		{09761118-8D8D-462C-A841-6D6B84986EB1}.Debug|Any CPU.Build.0 = Debug|Any CPU
		{09761118-8D8D-462C-A841-6D6B84986EB1}.Debug|x64.ActiveCfg = Debug|Any CPU
		{09761118-8D8D-462C-A841-6D6B84986EB1}.Debug|x64.Build.0 = Debug|Any CPU
		{09761118-8D8D-462C-A841-6D6B84986EB1}.Debug|x86.ActiveCfg = Debug|Any CPU
		{09761118-8D8D-462C-A841-6D6B84986EB1}.Debug|x86.Build.0 = Debug|Any CPU
		{09761118-8D8D-462C-A841-6D6B84986EB1}.Release|Any CPU.ActiveCfg = Release|Any CPU
		{09761118-8D8D-462C-A841-6D6B84986EB1}.Release|Any CPU.Build.0 = Release|Any CPU
		{09761118-8D8D-462C-A841-6D6B84986EB1}.Release|x64.ActiveCfg = Release|Any CPU
		{09761118-8D8D-462C-A841-6D6B84986EB1}.Release|x64.Build.0 = Release|Any CPU
		{09761118-8D8D-462C-A841-6D6B84986EB1}.Release|x86.ActiveCfg = Release|Any CPU
		{09761118-8D8D-462C-A841-6D6B84986EB1}.Release|x86.Build.0 = Release|Any CPU
		{E70A0B09-F339-44F6-9551-A38565748904}.Debug|Any CPU.ActiveCfg = Debug|Any CPU
		{E70A0B09-F339-44F6-9551-A38565748904}.Debug|Any CPU.Build.0 = Debug|Any CPU
		{E70A0B09-F339-44F6-9551-A38565748904}.Debug|x64.ActiveCfg = Debug|Any CPU
		{E70A0B09-F339-44F6-9551-A38565748904}.Debug|x64.Build.0 = Debug|Any CPU
		{E70A0B09-F339-44F6-9551-A38565748904}.Debug|x86.ActiveCfg = Debug|Any CPU
		{E70A0B09-F339-44F6-9551-A38565748904}.Debug|x86.Build.0 = Debug|Any CPU
		{E70A0B09-F339-44F6-9551-A38565748904}.Release|Any CPU.ActiveCfg = Release|Any CPU
		{E70A0B09-F339-44F6-9551-A38565748904}.Release|Any CPU.Build.0 = Release|Any CPU
		{E70A0B09-F339-44F6-9551-A38565748904}.Release|x64.ActiveCfg = Release|Any CPU
		{E70A0B09-F339-44F6-9551-A38565748904}.Release|x64.Build.0 = Release|Any CPU
		{E70A0B09-F339-44F6-9551-A38565748904}.Release|x86.ActiveCfg = Release|Any CPU
		{E70A0B09-F339-44F6-9551-A38565748904}.Release|x86.Build.0 = Release|Any CPU
		{F67353D6-1E54-4B18-9BF2-53DD27867983}.Debug|Any CPU.ActiveCfg = Debug|Any CPU
		{F67353D6-1E54-4B18-9BF2-53DD27867983}.Debug|Any CPU.Build.0 = Debug|Any CPU
		{F67353D6-1E54-4B18-9BF2-53DD27867983}.Debug|x64.ActiveCfg = Debug|Any CPU
		{F67353D6-1E54-4B18-9BF2-53DD27867983}.Debug|x64.Build.0 = Debug|Any CPU
		{F67353D6-1E54-4B18-9BF2-53DD27867983}.Debug|x86.ActiveCfg = Debug|Any CPU
		{F67353D6-1E54-4B18-9BF2-53DD27867983}.Debug|x86.Build.0 = Debug|Any CPU
		{F67353D6-1E54-4B18-9BF2-53DD27867983}.Release|Any CPU.ActiveCfg = Release|Any CPU
		{F67353D6-1E54-4B18-9BF2-53DD27867983}.Release|Any CPU.Build.0 = Release|Any CPU
		{F67353D6-1E54-4B18-9BF2-53DD27867983}.Release|x64.ActiveCfg = Release|Any CPU
		{F67353D6-1E54-4B18-9BF2-53DD27867983}.Release|x64.Build.0 = Release|Any CPU
		{F67353D6-1E54-4B18-9BF2-53DD27867983}.Release|x86.ActiveCfg = Release|Any CPU
		{F67353D6-1E54-4B18-9BF2-53DD27867983}.Release|x86.Build.0 = Release|Any CPU
		{E05F35A3-085F-4FA2-B602-CBE0BE5F84C2}.Debug|Any CPU.ActiveCfg = Debug|Any CPU
		{E05F35A3-085F-4FA2-B602-CBE0BE5F84C2}.Debug|Any CPU.Build.0 = Debug|Any CPU
		{E05F35A3-085F-4FA2-B602-CBE0BE5F84C2}.Debug|x64.ActiveCfg = Debug|Any CPU
		{E05F35A3-085F-4FA2-B602-CBE0BE5F84C2}.Debug|x64.Build.0 = Debug|Any CPU
		{E05F35A3-085F-4FA2-B602-CBE0BE5F84C2}.Debug|x86.ActiveCfg = Debug|Any CPU
		{E05F35A3-085F-4FA2-B602-CBE0BE5F84C2}.Debug|x86.Build.0 = Debug|Any CPU
		{E05F35A3-085F-4FA2-B602-CBE0BE5F84C2}.Release|Any CPU.ActiveCfg = Release|Any CPU
		{E05F35A3-085F-4FA2-B602-CBE0BE5F84C2}.Release|Any CPU.Build.0 = Release|Any CPU
		{E05F35A3-085F-4FA2-B602-CBE0BE5F84C2}.Release|x64.ActiveCfg = Release|Any CPU
		{E05F35A3-085F-4FA2-B602-CBE0BE5F84C2}.Release|x64.Build.0 = Release|Any CPU
		{E05F35A3-085F-4FA2-B602-CBE0BE5F84C2}.Release|x86.ActiveCfg = Release|Any CPU
		{E05F35A3-085F-4FA2-B602-CBE0BE5F84C2}.Release|x86.Build.0 = Release|Any CPU
	EndGlobalSection
	GlobalSection(SolutionProperties) = preSolution
		HideSolutionNode = FALSE
	EndGlobalSection
	GlobalSection(NestedProjects) = preSolution
		{41B25F7D-B035-401B-A50A-C5BB3983C2AC} = {E322E6DA-3818-4CBD-A2F6-A94D6C8393BE}
		{A6259D55-E7DA-481E-81C3-4A370C8DFDC8} = {3F500D83-895F-4D44-9CA7-251D4B17B6FE}
		{59D90D89-D046-495D-9131-6CB78DF4B4C3} = {3F500D83-895F-4D44-9CA7-251D4B17B6FE}
		{E08E6704-10BF-4CF2-89EC-7AEB063C9219} = {3F500D83-895F-4D44-9CA7-251D4B17B6FE}
		{7195BFA6-8095-4618-96F6-8577DB13FB43} = {E322E6DA-3818-4CBD-A2F6-A94D6C8393BE}
		{5688C574-EE3C-46FA-A07A-929911663DBA} = {3F500D83-895F-4D44-9CA7-251D4B17B6FE}
		{09761118-8D8D-462C-A841-6D6B84986EB1} = {3F500D83-895F-4D44-9CA7-251D4B17B6FE}
		{E70A0B09-F339-44F6-9551-A38565748904} = {E322E6DA-3818-4CBD-A2F6-A94D6C8393BE}
		{F67353D6-1E54-4B18-9BF2-53DD27867983} = {E322E6DA-3818-4CBD-A2F6-A94D6C8393BE}
		{E05F35A3-085F-4FA2-B602-CBE0BE5F84C2} = {3F500D83-895F-4D44-9CA7-251D4B17B6FE}
	EndGlobalSection
	GlobalSection(ExtensibilityGlobals) = postSolution
		SolutionGuid = {8B4D40E3-FBA6-430B-9834-FFFAFAE95B36}
	EndGlobalSection
EndGlobal
